Microsoft Visual Studio Solution File, Format Version 12.00
# Visual Studio Version 16
VisualStudioVersion = 16.0.28527.54
MinimumVisualStudioVersion = 10.0.40219.1
Project("{FAE04EC0-301F-11D3-BF4B-00C04F79EFBC}") = "Demo", "Demo\Demo.Mobile\Demo.csproj", "{CC289D02-D957-4223-8A99-F98BB8C408EA}"
EndProject
Project("{FAE04EC0-301F-11D3-BF4B-00C04F79EFBC}") = "Demo.iOS", "Demo\Demo.iOS\Demo.iOS.csproj", "{A9C1DBE1-CC37-4B76-8D2F-F48D8ED845EF}"
EndProject
Project("{FAE04EC0-301F-11D3-BF4B-00C04F79EFBC}") = "CodeLifter.Forms.Chat", "CodeLifter.Forms.Chat\CodeLifter.Forms.Chat.csproj", "{A1935CFF-5089-414B-A534-D249CD229348}"
EndProject
Global
	GlobalSection(SolutionConfigurationPlatforms) = preSolution
		Ad-Hoc|Any CPU = Ad-Hoc|Any CPU
		Ad-Hoc|iPhone = Ad-Hoc|iPhone
		Ad-Hoc|iPhoneSimulator = Ad-Hoc|iPhoneSimulator
		AppStore|Any CPU = AppStore|Any CPU
		AppStore|iPhone = AppStore|iPhone
		AppStore|iPhoneSimulator = AppStore|iPhoneSimulator
		Debug|Any CPU = Debug|Any CPU
		Debug|iPhone = Debug|iPhone
		Debug|iPhoneSimulator = Debug|iPhoneSimulator
		Release|Any CPU = Release|Any CPU
		Release|iPhone = Release|iPhone
		Release|iPhoneSimulator = Release|iPhoneSimulator
	EndGlobalSection
	GlobalSection(ProjectConfigurationPlatforms) = postSolution
		{CC289D02-D957-4223-8A99-F98BB8C408EA}.Ad-Hoc|Any CPU.ActiveCfg = Debug|Any CPU
		{CC289D02-D957-4223-8A99-F98BB8C408EA}.Ad-Hoc|Any CPU.Build.0 = Debug|Any CPU
		{CC289D02-D957-4223-8A99-F98BB8C408EA}.Ad-Hoc|iPhone.ActiveCfg = Debug|Any CPU
		{CC289D02-D957-4223-8A99-F98BB8C408EA}.Ad-Hoc|iPhone.Build.0 = Debug|Any CPU
		{CC289D02-D957-4223-8A99-F98BB8C408EA}.Ad-Hoc|iPhoneSimulator.ActiveCfg = Debug|Any CPU
		{CC289D02-D957-4223-8A99-F98BB8C408EA}.Ad-Hoc|iPhoneSimulator.Build.0 = Debug|Any CPU
		{CC289D02-D957-4223-8A99-F98BB8C408EA}.AppStore|Any CPU.ActiveCfg = Debug|Any CPU
		{CC289D02-D957-4223-8A99-F98BB8C408EA}.AppStore|Any CPU.Build.0 = Debug|Any CPU
		{CC289D02-D957-4223-8A99-F98BB8C408EA}.AppStore|iPhone.ActiveCfg = Debug|Any CPU
		{CC289D02-D957-4223-8A99-F98BB8C408EA}.AppStore|iPhone.Build.0 = Debug|Any CPU
		{CC289D02-D957-4223-8A99-F98BB8C408EA}.AppStore|iPhoneSimulator.ActiveCfg = Debug|Any CPU
		{CC289D02-D957-4223-8A99-F98BB8C408EA}.AppStore|iPhoneSimulator.Build.0 = Debug|Any CPU
		{CC289D02-D957-4223-8A99-F98BB8C408EA}.Debug|Any CPU.ActiveCfg = Debug|Any CPU
		{CC289D02-D957-4223-8A99-F98BB8C408EA}.Debug|Any CPU.Build.0 = Debug|Any CPU
		{CC289D02-D957-4223-8A99-F98BB8C408EA}.Debug|iPhone.ActiveCfg = Debug|Any CPU
		{CC289D02-D957-4223-8A99-F98BB8C408EA}.Debug|iPhone.Build.0 = Debug|Any CPU
		{CC289D02-D957-4223-8A99-F98BB8C408EA}.Debug|iPhoneSimulator.ActiveCfg = Debug|Any CPU
		{CC289D02-D957-4223-8A99-F98BB8C408EA}.Debug|iPhoneSimulator.Build.0 = Debug|Any CPU
		{CC289D02-D957-4223-8A99-F98BB8C408EA}.Release|Any CPU.ActiveCfg = Release|Any CPU
		{CC289D02-D957-4223-8A99-F98BB8C408EA}.Release|Any CPU.Build.0 = Release|Any CPU
		{CC289D02-D957-4223-8A99-F98BB8C408EA}.Release|iPhone.ActiveCfg = Release|Any CPU
		{CC289D02-D957-4223-8A99-F98BB8C408EA}.Release|iPhone.Build.0 = Release|Any CPU
		{CC289D02-D957-4223-8A99-F98BB8C408EA}.Release|iPhoneSimulator.ActiveCfg = Release|Any CPU
		{CC289D02-D957-4223-8A99-F98BB8C408EA}.Release|iPhoneSimulator.Build.0 = Release|Any CPU
		{A9C1DBE1-CC37-4B76-8D2F-F48D8ED845EF}.Ad-Hoc|Any CPU.ActiveCfg = Ad-Hoc|iPhone
		{A9C1DBE1-CC37-4B76-8D2F-F48D8ED845EF}.Ad-Hoc|Any CPU.Build.0 = Ad-Hoc|iPhone
		{A9C1DBE1-CC37-4B76-8D2F-F48D8ED845EF}.Ad-Hoc|iPhone.ActiveCfg = Ad-Hoc|iPhone
		{A9C1DBE1-CC37-4B76-8D2F-F48D8ED845EF}.Ad-Hoc|iPhone.Build.0 = Ad-Hoc|iPhone
		{A9C1DBE1-CC37-4B76-8D2F-F48D8ED845EF}.Ad-Hoc|iPhoneSimulator.ActiveCfg = Debug|iPhoneSimulator
		{A9C1DBE1-CC37-4B76-8D2F-F48D8ED845EF}.Ad-Hoc|iPhoneSimulator.Build.0 = Debug|iPhoneSimulator
		{A9C1DBE1-CC37-4B76-8D2F-F48D8ED845EF}.AppStore|Any CPU.ActiveCfg = AppStore|iPhone
		{A9C1DBE1-CC37-4B76-8D2F-F48D8ED845EF}.AppStore|Any CPU.Build.0 = AppStore|iPhone
		{A9C1DBE1-CC37-4B76-8D2F-F48D8ED845EF}.AppStore|iPhone.ActiveCfg = AppStore|iPhone
		{A9C1DBE1-CC37-4B76-8D2F-F48D8ED845EF}.AppStore|iPhone.Build.0 = AppStore|iPhone
		{A9C1DBE1-CC37-4B76-8D2F-F48D8ED845EF}.AppStore|iPhoneSimulator.ActiveCfg = Debug|iPhoneSimulator
		{A9C1DBE1-CC37-4B76-8D2F-F48D8ED845EF}.AppStore|iPhoneSimulator.Build.0 = Debug|iPhoneSimulator
		{A9C1DBE1-CC37-4B76-8D2F-F48D8ED845EF}.Debug|Any CPU.ActiveCfg = Debug|iPhoneSimulator
		{A9C1DBE1-CC37-4B76-8D2F-F48D8ED845EF}.Debug|Any CPU.Build.0 = Debug|iPhoneSimulator
		{A9C1DBE1-CC37-4B76-8D2F-F48D8ED845EF}.Debug|iPhone.ActiveCfg = Debug|iPhone
		{A9C1DBE1-CC37-4B76-8D2F-F48D8ED845EF}.Debug|iPhone.Build.0 = Debug|iPhone
		{A9C1DBE1-CC37-4B76-8D2F-F48D8ED845EF}.Debug|iPhoneSimulator.ActiveCfg = Debug|iPhoneSimulator
		{A9C1DBE1-CC37-4B76-8D2F-F48D8ED845EF}.Debug|iPhoneSimulator.Build.0 = Debug|iPhoneSimulator
		{A9C1DBE1-CC37-4B76-8D2F-F48D8ED845EF}.Release|Any CPU.ActiveCfg = Release|iPhoneSimulator
		{A9C1DBE1-CC37-4B76-8D2F-F48D8ED845EF}.Release|Any CPU.Build.0 = Release|iPhoneSimulator
		{A9C1DBE1-CC37-4B76-8D2F-F48D8ED845EF}.Release|iPhone.ActiveCfg = Release|iPhone
		{A9C1DBE1-CC37-4B76-8D2F-F48D8ED845EF}.Release|iPhone.Build.0 = Release|iPhone
		{A9C1DBE1-CC37-4B76-8D2F-F48D8ED845EF}.Release|iPhoneSimulator.ActiveCfg = Release|iPhoneSimulator
		{A9C1DBE1-CC37-4B76-8D2F-F48D8ED845EF}.Release|iPhoneSimulator.Build.0 = Release|iPhoneSimulator
		{A1935CFF-5089-414B-A534-D249CD229348}.Ad-Hoc|Any CPU.ActiveCfg = Release|Any CPU
		{A1935CFF-5089-414B-A534-D249CD229348}.Ad-Hoc|Any CPU.Build.0 = Release|Any CPU
		{A1935CFF-5089-414B-A534-D249CD229348}.Ad-Hoc|iPhone.ActiveCfg = Release|Any CPU
		{A1935CFF-5089-414B-A534-D249CD229348}.Ad-Hoc|iPhone.Build.0 = Release|Any CPU
		{A1935CFF-5089-414B-A534-D249CD229348}.Ad-Hoc|iPhoneSimulator.ActiveCfg = Debug|Any CPU
		{A1935CFF-5089-414B-A534-D249CD229348}.Ad-Hoc|iPhoneSimulator.Build.0 = Debug|Any CPU
		{A1935CFF-5089-414B-A534-D249CD229348}.AppStore|Any CPU.ActiveCfg = Release|Any CPU
		{A1935CFF-5089-414B-A534-D249CD229348}.AppStore|Any CPU.Build.0 = Release|Any CPU
		{A1935CFF-5089-414B-A534-D249CD229348}.AppStore|iPhone.ActiveCfg = Release|Any CPU
		{A1935CFF-5089-414B-A534-D249CD229348}.AppStore|iPhone.Build.0 = Release|Any CPU
		{A1935CFF-5089-414B-A534-D249CD229348}.AppStore|iPhoneSimulator.ActiveCfg = Debug|Any CPU
		{A1935CFF-5089-414B-A534-D249CD229348}.AppStore|iPhoneSimulator.Build.0 = Debug|Any CPU
		{A1935CFF-5089-414B-A534-D249CD229348}.Debug|Any CPU.ActiveCfg = Debug|Any CPU
		{A1935CFF-5089-414B-A534-D249CD229348}.Debug|Any CPU.Build.0 = Debug|Any CPU
		{A1935CFF-5089-414B-A534-D249CD229348}.Debug|iPhone.ActiveCfg = Debug|Any CPU
		{A1935CFF-5089-414B-A534-D249CD229348}.Debug|iPhone.Build.0 = Debug|Any CPU
		{A1935CFF-5089-414B-A534-D249CD229348}.Debug|iPhoneSimulator.ActiveCfg = Debug|Any CPU
		{A1935CFF-5089-414B-A534-D249CD229348}.Debug|iPhoneSimulator.Build.0 = Debug|Any CPU
		{A1935CFF-5089-414B-A534-D249CD229348}.Release|Any CPU.ActiveCfg = Release|Any CPU
		{A1935CFF-5089-414B-A534-D249CD229348}.Release|Any CPU.Build.0 = Release|Any CPU
		{A1935CFF-5089-414B-A534-D249CD229348}.Release|iPhone.ActiveCfg = Release|Any CPU
		{A1935CFF-5089-414B-A534-D249CD229348}.Release|iPhone.Build.0 = Release|Any CPU
		{A1935CFF-5089-414B-A534-D249CD229348}.Release|iPhoneSimulator.ActiveCfg = Release|Any CPU
		{A1935CFF-5089-414B-A534-D249CD229348}.Release|iPhoneSimulator.Build.0 = Release|Any CPU
	EndGlobalSection
	GlobalSection(SolutionProperties) = preSolution
		HideSolutionNode = FALSE
	EndGlobalSection
	GlobalSection(ExtensibilityGlobals) = postSolution
		SolutionGuid = {33773584-D8C6-4B35-BAEC-43E69E9CDA05}
	EndGlobalSection
EndGlobal
