
Microsoft Visual Studio Solution File, Format Version 12.00
# Visual Studio 15
Project("{FAE04EC0-301F-11D3-BF4B-00C04F79EFBC}") = "CodeLifter.Forms.Chat", "CodeLifter.Forms.Chat\CodeLifter.Forms.Chat.csproj", "{73A9C600-A6C3-42F0-A6B9-48399BD55B97}"
EndProject
Project("{FAE04EC0-301F-11D3-BF4B-00C04F79EFBC}") = "CodeLifter.Forms.Chat.SDK_CHAT", "Chat\CodeLifter.Forms.Chat\CodeLifter.Forms.Chat.SDK_CHAT.csproj", "{7E035F89-4A04-46A2-8024-F7AF6F763139}"
EndProject
Project("{FAE04EC0-301F-11D3-BF4B-00C04F79EFBC}") = "CodeLifter.Forms.Chat.iOS", "Chat\CodeLifter.Forms.Chat.iOS\CodeLifter.Forms.Chat.iOS.csproj", "{0C45DDF7-2C1E-4D89-8D31-3D274E7E78C2}"
EndProject
Project("{FAE04EC0-301F-11D3-BF4B-00C04F79EFBC}") = "CodeLifter.Forms.Chat.Android", "Chat\CodeLifter.Forms.Chat.Android\CodeLifter.Forms.Chat.Android.csproj", "{D3C3CDFD-D03C-4DD6-99D6-9BBF29D80725}"
EndProject
Global
	GlobalSection(SolutionConfigurationPlatforms) = preSolution
		Debug|Any CPU = Debug|Any CPU
		Release|Any CPU = Release|Any CPU
	EndGlobalSection
	GlobalSection(ProjectConfigurationPlatforms) = postSolution
		{73A9C600-A6C3-42F0-A6B9-48399BD55B97}.Debug|Any CPU.ActiveCfg = Debug|Any CPU
		{73A9C600-A6C3-42F0-A6B9-48399BD55B97}.Debug|Any CPU.Build.0 = Debug|Any CPU
		{73A9C600-A6C3-42F0-A6B9-48399BD55B97}.Release|Any CPU.ActiveCfg = Release|Any CPU
		{73A9C600-A6C3-42F0-A6B9-48399BD55B97}.Release|Any CPU.Build.0 = Release|Any CPU
		{7E035F89-4A04-46A2-8024-F7AF6F763139}.Debug|Any CPU.ActiveCfg = Debug|Any CPU
		{7E035F89-4A04-46A2-8024-F7AF6F763139}.Debug|Any CPU.Build.0 = Debug|Any CPU
		{7E035F89-4A04-46A2-8024-F7AF6F763139}.Release|Any CPU.ActiveCfg = Release|Any CPU
		{7E035F89-4A04-46A2-8024-F7AF6F763139}.Release|Any CPU.Build.0 = Release|Any CPU
		{0C45DDF7-2C1E-4D89-8D31-3D274E7E78C2}.Debug|Any CPU.ActiveCfg = Debug|Any CPU
		{0C45DDF7-2C1E-4D89-8D31-3D274E7E78C2}.Debug|Any CPU.Build.0 = Debug|Any CPU
		{0C45DDF7-2C1E-4D89-8D31-3D274E7E78C2}.Release|Any CPU.ActiveCfg = Release|Any CPU
		{0C45DDF7-2C1E-4D89-8D31-3D274E7E78C2}.Release|Any CPU.Build.0 = Release|Any CPU
		{D3C3CDFD-D03C-4DD6-99D6-9BBF29D80725}.Debug|Any CPU.ActiveCfg = Debug|Any CPU
		{D3C3CDFD-D03C-4DD6-99D6-9BBF29D80725}.Debug|Any CPU.Build.0 = Debug|Any CPU
		{D3C3CDFD-D03C-4DD6-99D6-9BBF29D80725}.Release|Any CPU.ActiveCfg = Release|Any CPU
		{D3C3CDFD-D03C-4DD6-99D6-9BBF29D80725}.Release|Any CPU.Build.0 = Release|Any CPU
	EndGlobalSection
EndGlobal
